{
    "_readme": [
        "This file locks the dependencies of your project to a known state",
        "Read more about it at https://getcomposer.org/doc/01-basic-usage.md#installing-dependencies",
        "This file is @generated automatically"
    ],
    "content-hash": "820df2fa9c48a6f1a05ba5108c43d86a",
    "packages": [
        {
            "name": "yiswoole/spl",
            "version": "dev-master",
            "source": {
                "type": "git",
                "url": "https://github.com/songqingkun/spl.git",
                "reference": "4fe38a947b845aa50266935d13f4914cfb8560d8"
            },
            "dist": {
                "type": "zip",
                "url": "https://api.github.com/repos/songqingkun/spl/zipball/4fe38a947b845aa50266935d13f4914cfb8560d8",
                "reference": "4fe38a947b845aa50266935d13f4914cfb8560d8",
                "shasum": ""
            },
            "require": {
                "php": "^7.2"
            },
            "type": "library",
            "autoload": {
                "psr-4": {
                    "yiswoole\\Spl\\": "src/"
                }
            },
            "notification-url": "https://packagist.org/downloads/",
            "license": [
                "Apache-2.0"
            ],
            "description": "yiswoole spl library",
            "time": "2019-01-14T04:08:11+00:00"
        }
    ],
    "packages-dev": [],
    "aliases": [],
    "minimum-stability": "stable",
    "stability-flags": {
        "yiswoole/spl": 20
    },
    "prefer-stable": false,
    "prefer-lowest": false,
    "platform": [],
    "platform-dev": []
}
